
Microsoft Visual Studio Solution File, Format Version 12.00
# Visual Studio Version 17
VisualStudioVersion = 17.12.35527.113 d17.12
MinimumVisualStudioVersion = 10.0.40219.1
Project("{FAE04EC0-301F-11D3-BF4B-00C04F79EFBC}") = "Demo.Presentation", "Demo.Presentation\Demo.Presentation.csproj", "{53441450-EAAB-4A1B-B73E-E271AF7D6E93}"
EndProject
Project("{FAE04EC0-301F-11D3-BF4B-00C04F79EFBC}") = "Demo.BussinessLogic", "Demo.BussinessLogic\Demo.BussinessLogic.csproj", "{F06C2C44-305D-4FEC-B735-04E791F9304D}"
EndProject
Project("{FAE04EC0-301F-11D3-BF4B-00C04F79EFBC}") = "Demo.DataAccess", "Demo.DataAccess\Demo.DataAccess.csproj", "{2BB05CA3-7F90-4EE7-A508-13E363840444}"
EndProject
Global
	GlobalSection(SolutionConfigurationPlatforms) = preSolution
		Debug|Any CPU = Debug|Any CPU
		Release|Any CPU = Release|Any CPU
	EndGlobalSection
	GlobalSection(ProjectConfigurationPlatforms) = postSolution
		{53441450-EAAB-4A1B-B73E-E271AF7D6E93}.Debug|Any CPU.ActiveCfg = Debug|Any CPU
		{53441450-EAAB-4A1B-B73E-E271AF7D6E93}.Debug|Any CPU.Build.0 = Debug|Any CPU
		{53441450-EAAB-4A1B-B73E-E271AF7D6E93}.Release|Any CPU.ActiveCfg = Release|Any CPU
		{53441450-EAAB-4A1B-B73E-E271AF7D6E93}.Release|Any CPU.Build.0 = Release|Any CPU
		{F06C2C44-305D-4FEC-B735-04E791F9304D}.Debug|Any CPU.ActiveCfg = Debug|Any CPU
		{F06C2C44-305D-4FEC-B735-04E791F9304D}.Debug|Any CPU.Build.0 = Debug|Any CPU
		{F06C2C44-305D-4FEC-B735-04E791F9304D}.Release|Any CPU.ActiveCfg = Release|Any CPU
		{F06C2C44-305D-4FEC-B735-04E791F9304D}.Release|Any CPU.Build.0 = Release|Any CPU
		{2BB05CA3-7F90-4EE7-A508-13E363840444}.Debug|Any CPU.ActiveCfg = Debug|Any CPU
		{2BB05CA3-7F90-4EE7-A508-13E363840444}.Debug|Any CPU.Build.0 = Debug|Any CPU
		{2BB05CA3-7F90-4EE7-A508-13E363840444}.Release|Any CPU.ActiveCfg = Release|Any CPU
		{2BB05CA3-7F90-4EE7-A508-13E363840444}.Release|Any CPU.Build.0 = Release|Any CPU
	EndGlobalSection
	GlobalSection(SolutionProperties) = preSolution
		HideSolutionNode = FALSE
	EndGlobalSection
EndGlobal
